PODS:
  - Crashlytics (3.12.0):
    - Fabric (~> 1.9.0)
  - Fabric (1.9.0)
  - Flurry-iOS-SDK/FlurrySDK (9.2.3)
  - NSLogger/NoStrip (1.9.0):
    - NSLogger/ObjC
  - NSLogger/ObjC (1.9.0)
  - React (0.11.0):
    - React/Core (= 0.11.0)
  - react-native-orientation (3.1.3):
    - React
  - React/Core (0.11.0)
  - RNZipArchive (3.0.1):
    - React
    - RNZipArchive/Core (= 3.0.1)
    - RNZipArchive/RNZASSZipArchive (= 3.0.1)
  - RNZipArchive/Core (3.0.1):
    - React
  - RNZipArchive/RNZASSZipArchive (3.0.1):
    - React

DEPENDENCIES:
  - Crashlytics
  - Fabric
  - Flurry-iOS-SDK/FlurrySDK
  - NSLogger/NoStrip
  - react-native-orientation (from `../node_modules/react-native-orientation`)
  - RNZipArchive (from `../node_modules/react-native-zip-archive`)

SPEC REPOS:
  https://github.com/cocoapods/specs.git:
    - Crashlytics
    - Fabric
    - Flurry-iOS-SDK
    - NSLogger
    - React

EXTERNAL SOURCES:
  react-native-orientation:
    :path: "../node_modules/react-native-orientation"
  RNZipArchive:
    :path: "../node_modules/react-native-zip-archive"

SPEC CHECKSUMS:
  Crashlytics: 07fb167b1694128c1c9a5a5cc319b0e9c3ca0933
  Fabric: f988e33c97f08930a413e08123064d2e5f68d655
  Flurry-iOS-SDK: 2ea1973a6c9c6b3675765d73ea290b281f8cb084
  NSLogger: 9f8f5ab017eb34d1a138f4905dc7fb8e9a0e3186
  React: ab1a2e21deb34965c38328d5ec40cc7d12c6050a
  react-native-orientation: d4a97266b06ec8d45d74e626656a730ebbebbb6f
  RNZipArchive: 44c109a8038b9fd54151d732187a779a5017cba6

PODFILE CHECKSUM: b18446e971dd8cb481e43d75607a00b33526a1bd

COCOAPODS: 1.6.0
