PODS:
  - Crashlytics (3.12.0):
    - Fabric (~> 1.9.0)
  - Fabric (1.9.0)
  - Flurry-iOS-SDK/FlurrySDK (9.3.0)
  - NSLogger/NoStrip (1.9.7):
    - NSLogger/ObjC
  - NSLogger/ObjC (1.9.7)

DEPENDENCIES:
  - Crashlytics
  - Fabric
  - Flurry-iOS-SDK/FlurrySDK
  - NSLogger/NoStrip

SPEC REPOS:
  https://github.com/cocoapods/specs.git:
    - Crashlytics
    - Fabric
    - Flurry-iOS-SDK
    - NSLogger

SPEC CHECKSUMS:
  Crashlytics: 07fb167b1694128c1c9a5a5cc319b0e9c3ca0933
  Fabric: f988e33c97f08930a413e08123064d2e5f68d655
  Flurry-iOS-SDK: 43afe11656872692de232f580ef0a8a68b0b47c9
  NSLogger: cf3013a4fba189f631f07e6c3d5b8ce2b209654b

PODFILE CHECKSUM: fe6712dab13e275b76bbeeda77aa450b85539ab4

COCOAPODS: 1.6.0
